
Microsoft Visual Studio Solution File, Format Version 12.00
# Visual Studio Version 16
VisualStudioVersion = 16.0.29209.62
MinimumVisualStudioVersion = 10.0.40219.1
Project("{FAE04EC0-301F-11D3-BF4B-00C04F79EFBC}") = "BuscaCep.Android", "BuscaCep.Android\BuscaCep.Android.csproj", "{62D0DAD3-01A2-473D-9300-757F79CB8CAD}"
EndProject
Project("{FAE04EC0-301F-11D3-BF4B-00C04F79EFBC}") = "BuscaCep.iOS", "BuscaCep.iOS\BuscaCep.iOS.csproj", "{881679A7-203F-4831-B251-C118C99178CC}"
EndProject
Project("{FAE04EC0-301F-11D3-BF4B-00C04F79EFBC}") = "BuscaCep", "BuscaCep\BuscaCep.csproj", "{5B670FE9-2297-45C4-A9E2-2C12AB077630}"
EndProject
Global
	GlobalSection(SolutionConfigurationPlatforms) = preSolution
		Debug|Any CPU = Debug|Any CPU
		Debug|iPhone = Debug|iPhone
		Debug|iPhoneSimulator = Debug|iPhoneSimulator
		Release|Any CPU = Release|Any CPU
		Release|iPhone = Release|iPhone
		Release|iPhoneSimulator = Release|iPhoneSimulator
	EndGlobalSection
	GlobalSection(ProjectConfigurationPlatforms) = postSolution
		{62D0DAD3-01A2-473D-9300-757F79CB8CAD}.Debug|Any CPU.ActiveCfg = Debug|Any CPU
		{62D0DAD3-01A2-473D-9300-757F79CB8CAD}.Debug|Any CPU.Build.0 = Debug|Any CPU
		{62D0DAD3-01A2-473D-9300-757F79CB8CAD}.Debug|Any CPU.Deploy.0 = Debug|Any CPU
		{62D0DAD3-01A2-473D-9300-757F79CB8CAD}.Debug|iPhone.ActiveCfg = Debug|Any CPU
		{62D0DAD3-01A2-473D-9300-757F79CB8CAD}.Debug|iPhone.Build.0 = Debug|Any CPU
		{62D0DAD3-01A2-473D-9300-757F79CB8CAD}.Debug|iPhone.Deploy.0 = Debug|Any CPU
		{62D0DAD3-01A2-473D-9300-757F79CB8CAD}.Debug|iPhoneSimulator.ActiveCfg = Debug|Any CPU
		{62D0DAD3-01A2-473D-9300-757F79CB8CAD}.Debug|iPhoneSimulator.Build.0 = Debug|Any CPU
		{62D0DAD3-01A2-473D-9300-757F79CB8CAD}.Debug|iPhoneSimulator.Deploy.0 = Debug|Any CPU
		{62D0DAD3-01A2-473D-9300-757F79CB8CAD}.Release|Any CPU.ActiveCfg = Release|Any CPU
		{62D0DAD3-01A2-473D-9300-757F79CB8CAD}.Release|Any CPU.Build.0 = Release|Any CPU
		{62D0DAD3-01A2-473D-9300-757F79CB8CAD}.Release|Any CPU.Deploy.0 = Release|Any CPU
		{62D0DAD3-01A2-473D-9300-757F79CB8CAD}.Release|iPhone.ActiveCfg = Release|Any CPU
		{62D0DAD3-01A2-473D-9300-757F79CB8CAD}.Release|iPhone.Build.0 = Release|Any CPU
		{62D0DAD3-01A2-473D-9300-757F79CB8CAD}.Release|iPhone.Deploy.0 = Release|Any CPU
		{62D0DAD3-01A2-473D-9300-757F79CB8CAD}.Release|iPhoneSimulator.ActiveCfg = Release|Any CPU
		{62D0DAD3-01A2-473D-9300-757F79CB8CAD}.Release|iPhoneSimulator.Build.0 = Release|Any CPU
		{62D0DAD3-01A2-473D-9300-757F79CB8CAD}.Release|iPhoneSimulator.Deploy.0 = Release|Any CPU
		{881679A7-203F-4831-B251-C118C99178CC}.Debug|Any CPU.ActiveCfg = Debug|iPhoneSimulator
		{881679A7-203F-4831-B251-C118C99178CC}.Debug|Any CPU.Build.0 = Debug|iPhoneSimulator
		{881679A7-203F-4831-B251-C118C99178CC}.Debug|Any CPU.Deploy.0 = Debug|iPhoneSimulator
		{881679A7-203F-4831-B251-C118C99178CC}.Debug|iPhone.ActiveCfg = Debug|iPhone
		{881679A7-203F-4831-B251-C118C99178CC}.Debug|iPhone.Build.0 = Debug|iPhone
		{881679A7-203F-4831-B251-C118C99178CC}.Debug|iPhone.Deploy.0 = Debug|iPhone
		{881679A7-203F-4831-B251-C118C99178CC}.Debug|iPhoneSimulator.ActiveCfg = Debug|iPhoneSimulator
		{881679A7-203F-4831-B251-C118C99178CC}.Debug|iPhoneSimulator.Build.0 = Debug|iPhoneSimulator
		{881679A7-203F-4831-B251-C118C99178CC}.Debug|iPhoneSimulator.Deploy.0 = Debug|iPhoneSimulator
		{881679A7-203F-4831-B251-C118C99178CC}.Release|Any CPU.ActiveCfg = Release|iPhone
		{881679A7-203F-4831-B251-C118C99178CC}.Release|Any CPU.Build.0 = Release|iPhone
		{881679A7-203F-4831-B251-C118C99178CC}.Release|Any CPU.Deploy.0 = Release|iPhone
		{881679A7-203F-4831-B251-C118C99178CC}.Release|iPhone.ActiveCfg = Release|iPhone
		{881679A7-203F-4831-B251-C118C99178CC}.Release|iPhone.Build.0 = Release|iPhone
		{881679A7-203F-4831-B251-C118C99178CC}.Release|iPhone.Deploy.0 = Release|iPhone
		{881679A7-203F-4831-B251-C118C99178CC}.Release|iPhoneSimulator.ActiveCfg = Release|iPhoneSimulator
		{881679A7-203F-4831-B251-C118C99178CC}.Release|iPhoneSimulator.Build.0 = Release|iPhoneSimulator
		{881679A7-203F-4831-B251-C118C99178CC}.Release|iPhoneSimulator.Deploy.0 = Release|iPhoneSimulator
		{5B670FE9-2297-45C4-A9E2-2C12AB077630}.Debug|Any CPU.ActiveCfg = Debug|Any CPU
		{5B670FE9-2297-45C4-A9E2-2C12AB077630}.Debug|Any CPU.Build.0 = Debug|Any CPU
		{5B670FE9-2297-45C4-A9E2-2C12AB077630}.Debug|Any CPU.Deploy.0 = Debug|Any CPU
		{5B670FE9-2297-45C4-A9E2-2C12AB077630}.Debug|iPhone.ActiveCfg = Debug|Any CPU
		{5B670FE9-2297-45C4-A9E2-2C12AB077630}.Debug|iPhone.Build.0 = Debug|Any CPU
		{5B670FE9-2297-45C4-A9E2-2C12AB077630}.Debug|iPhone.Deploy.0 = Debug|Any CPU
		{5B670FE9-2297-45C4-A9E2-2C12AB077630}.Debug|iPhoneSimulator.ActiveCfg = Debug|Any CPU
		{5B670FE9-2297-45C4-A9E2-2C12AB077630}.Debug|iPhoneSimulator.Build.0 = Debug|Any CPU
		{5B670FE9-2297-45C4-A9E2-2C12AB077630}.Debug|iPhoneSimulator.Deploy.0 = Debug|Any CPU
		{5B670FE9-2297-45C4-A9E2-2C12AB077630}.Release|Any CPU.ActiveCfg = Release|Any CPU
		{5B670FE9-2297-45C4-A9E2-2C12AB077630}.Release|Any CPU.Build.0 = Release|Any CPU
		{5B670FE9-2297-45C4-A9E2-2C12AB077630}.Release|Any CPU.Deploy.0 = Release|Any CPU
		{5B670FE9-2297-45C4-A9E2-2C12AB077630}.Release|iPhone.ActiveCfg = Release|Any CPU
		{5B670FE9-2297-45C4-A9E2-2C12AB077630}.Release|iPhone.Build.0 = Release|Any CPU
		{5B670FE9-2297-45C4-A9E2-2C12AB077630}.Release|iPhone.Deploy.0 = Release|Any CPU
		{5B670FE9-2297-45C4-A9E2-2C12AB077630}.Release|iPhoneSimulator.ActiveCfg = Release|Any CPU
		{5B670FE9-2297-45C4-A9E2-2C12AB077630}.Release|iPhoneSimulator.Build.0 = Release|Any CPU
		{5B670FE9-2297-45C4-A9E2-2C12AB077630}.Release|iPhoneSimulator.Deploy.0 = Release|Any CPU
	EndGlobalSection
	GlobalSection(SolutionProperties) = preSolution
		HideSolutionNode = FALSE
	EndGlobalSection
	GlobalSection(ExtensibilityGlobals) = postSolution
		SolutionGuid = {C760E924-DF20-4626-A393-76D9986AB3E8}
	EndGlobalSection
EndGlobal
